
Microsoft Visual Studio Solution File, Format Version 12.00
# Visual Studio Version 17
VisualStudioVersion = 17.3.32825.248
MinimumVisualStudioVersion = 10.0.40219.1
Project("{FAE04EC0-301F-11D3-BF4B-00C04F79EFBC}") = "laba3privet", "laba3privet\laba3privet.csproj", "{5FC61D0F-1E51-4407-B7F2-007CBED6BFC1}"
EndProject
Global
	GlobalSection(SolutionConfigurationPlatforms) = preSolution
		Debug|Any CPU = Debug|Any CPU
		Release|Any CPU = Release|Any CPU
	EndGlobalSection
	GlobalSection(ProjectConfigurationPlatforms) = postSolution
		{5FC61D0F-1E51-4407-B7F2-007CBED6BFC1}.Debug|Any CPU.ActiveCfg = Debug|Any CPU
		{5FC61D0F-1E51-4407-B7F2-007CBED6BFC1}.Debug|Any CPU.Build.0 = Debug|Any CPU
		{5FC61D0F-1E51-4407-B7F2-007CBED6BFC1}.Release|Any CPU.ActiveCfg = Release|Any CPU
		{5FC61D0F-1E51-4407-B7F2-007CBED6BFC1}.Release|Any CPU.Build.0 = Release|Any CPU
	EndGlobalSection
	GlobalSection(SolutionProperties) = preSolution
		HideSolutionNode = FALSE
	EndGlobalSection
	GlobalSection(ExtensibilityGlobals) = postSolution
		SolutionGuid = {F7FC3065-B9DE-444A-9CEB-6B71CA0E919D}
	EndGlobalSection
EndGlobal
